
Microsoft Visual Studio Solution File, Format Version 12.00
# Visual Studio Version 17
VisualStudioVersion = 17.3.32901.215
MinimumVisualStudioVersion = 10.0.40219.1
Project("{FAE04EC0-301F-11D3-BF4B-00C04F79EFBC}") = "aplabs_khoroshev", "aplabs_khoroshev\aplabs_khoroshev.csproj", "{0274BD3B-3A6A-4435-AB39-D40042C2C5EA}"
EndProject
Global
	GlobalSection(SolutionConfigurationPlatforms) = preSolution
		Debug|Any CPU = Debug|Any CPU
		Release|Any CPU = Release|Any CPU
	EndGlobalSection
	GlobalSection(ProjectConfigurationPlatforms) = postSolution
		{0274BD3B-3A6A-4435-AB39-D40042C2C5EA}.Debug|Any CPU.ActiveCfg = Debug|Any CPU
		{0274BD3B-3A6A-4435-AB39-D40042C2C5EA}.Debug|Any CPU.Build.0 = Debug|Any CPU
		{0274BD3B-3A6A-4435-AB39-D40042C2C5EA}.Release|Any CPU.ActiveCfg = Release|Any CPU
		{0274BD3B-3A6A-4435-AB39-D40042C2C5EA}.Release|Any CPU.Build.0 = Release|Any CPU
	EndGlobalSection
	GlobalSection(SolutionProperties) = preSolution
		HideSolutionNode = FALSE
	EndGlobalSection
	GlobalSection(ExtensibilityGlobals) = postSolution
		SolutionGuid = {2776AE1D-5946-47AB-8E81-BF0AC1385301}
	EndGlobalSection
EndGlobal
